
Microsoft Visual Studio Solution File, Format Version 12.00
# Visual Studio 15
Project("{FAE04EC0-301F-11D3-BF4B-00C04F79EFBC}") = "Assembly-CSharp", "Assembly-CSharp.csproj", "{5459B409-B3E6-8233-EF4F-05DCC067EA28}"
EndProject
Project("{FAE04EC0-301F-11D3-BF4B-00C04F79EFBC}") = "Assembly-CSharp-Editor", "Assembly-CSharp-Editor.csproj", "{0AA91CA5-E89A-BC64-BACA-9BEA7D588FFF}"
EndProject
Global
	GlobalSection(SolutionConfigurationPlatforms) = preSolution
		Debug|Any CPU = Debug|Any CPU
		Release|Any CPU = Release|Any CPU
	EndGlobalSection
	GlobalSection(ProjectConfigurationPlatforms) = postSolution
		{5459B409-B3E6-8233-EF4F-05DCC067EA28}.Debug|Any CPU.ActiveCfg = Debug|Any CPU
		{5459B409-B3E6-8233-EF4F-05DCC067EA28}.Debug|Any CPU.Build.0 = Debug|Any CPU
		{5459B409-B3E6-8233-EF4F-05DCC067EA28}.Release|Any CPU.ActiveCfg = Release|Any CPU
		{5459B409-B3E6-8233-EF4F-05DCC067EA28}.Release|Any CPU.Build.0 = Release|Any CPU
		{0AA91CA5-E89A-BC64-BACA-9BEA7D588FFF}.Debug|Any CPU.ActiveCfg = Debug|Any CPU
		{0AA91CA5-E89A-BC64-BACA-9BEA7D588FFF}.Debug|Any CPU.Build.0 = Debug|Any CPU
		{0AA91CA5-E89A-BC64-BACA-9BEA7D588FFF}.Release|Any CPU.ActiveCfg = Release|Any CPU
		{0AA91CA5-E89A-BC64-BACA-9BEA7D588FFF}.Release|Any CPU.Build.0 = Release|Any CPU
	EndGlobalSection
	GlobalSection(SolutionProperties) = preSolution
		HideSolutionNode = FALSE
	EndGlobalSection
EndGlobal
